<Solution>
  <Folder Name="/Apps/">
    <Project Path="ipset/ipops.csproj" Id="9da63b15-10ef-4cdc-b8c0-d27a359dd664" />
    <Project Path="netif.windows/ifroute.csproj" Id="229ff53c-2749-4c09-8580-c0d7f49b973c" />
  </Folder>
  <Folder Name="/Solution Items/">
    <File Path=".editorconfig" />
    <File Path="Directory.Build.props" />
    <File Path="Directory.Packages.props" />
  </Folder>
  <Project Path="AnsiColoredWriter/AnsiColoredWriters.csproj" Id="cdee56b4-61b2-4da9-8125-6cdf2f15a3ce" />
  <Project Path="Ip4Parsers.Test/Ip4Parsers.Test.csproj" Id="0859ff16-70ea-4edd-b15c-a6489d1609e3" />
  <Project Path="Ip4Parsers/Ip4Parsers.csproj" Id="5fc83869-6073-4120-9e2f-f419393309db" />
  <Project Path="Ip4RangeSetDifferenceCalculator/Ip4RangeSetDifferenceCalculator.csproj" Id="0145d941-c406-4003-843f-94f499f87aef" />
  <Project Path="routes.Benchmarks/routes.Benchmarks.csproj" />
  <Project Path="routes.PerfomanceProfiles/routes.PerfomanceProfiles.csproj" Id="7799b992-19dc-4188-878d-a45e1da593d6" />
  <Project Path="routes.Test/routes.Test.csproj" />
  <Project Path="routes/routes.csproj" />
  <Project Path="routeTable/NativeMethods.Windows.csproj" Id="ed2a6324-edfd-4998-846d-aca0da4d9afa" />
</Solution>
